
Microsoft Visual Studio Solution File, Format Version 12.00
# Visual Studio Version 17
VisualStudioVersion = 17.8.34316.72
MinimumVisualStudioVersion = 10.0.40219.1
Project("{FAE04EC0-301F-11D3-BF4B-00C04F79EFBC}") = "TeleBot-csharp", "TeleBot-csharp\TeleBot-csharp.csproj", "{95418BB2-64DA-4D8D-95A0-0475D04F6A23}"
EndProject
Global
	GlobalSection(SolutionConfigurationPlatforms) = preSolution
		Debug|Any CPU = Debug|Any CPU
		Release|Any CPU = Release|Any CPU
	EndGlobalSection
	GlobalSection(ProjectConfigurationPlatforms) = postSolution
		{95418BB2-64DA-4D8D-95A0-0475D04F6A23}.Debug|Any CPU.ActiveCfg = Debug|Any CPU
		{95418BB2-64DA-4D8D-95A0-0475D04F6A23}.Debug|Any CPU.Build.0 = Debug|Any CPU
		{95418BB2-64DA-4D8D-95A0-0475D04F6A23}.Release|Any CPU.ActiveCfg = Release|Any CPU
		{95418BB2-64DA-4D8D-95A0-0475D04F6A23}.Release|Any CPU.Build.0 = Release|Any CPU
	EndGlobalSection
	GlobalSection(SolutionProperties) = preSolution
		HideSolutionNode = FALSE
	EndGlobalSection
	GlobalSection(ExtensibilityGlobals) = postSolution
		SolutionGuid = {15A5DB40-ABAB-4F4F-951D-D898D84B966D}
	EndGlobalSection
EndGlobal
